
Microsoft Visual Studio Solution File, Format Version 12.00
# Visual Studio 15
VisualStudioVersion = 15.0.26124.0
MinimumVisualStudioVersion = 15.0.26124.0
Project("{FAE04EC0-301F-11D3-BF4B-00C04F79EFBC}") = "UserManagement", "UserManagement\UserManagement.csproj", "{BCEEFA06-C9AA-499F-BAE7-9E730ADCA650}"
EndProject
Project("{FAE04EC0-301F-11D3-BF4B-00C04F79EFBC}") = "Domain", "Domain\Domain.csproj", "{BBCF4C20-1888-4EA3-A096-EA762540ED84}"
EndProject
Project("{FAE04EC0-301F-11D3-BF4B-00C04F79EFBC}") = "Infrastructure", "Infrastructure\Infrastructure.csproj", "{B6A51BE9-3AD9-4D20-A1C8-26CFDE004C80}"
EndProject
Global
	GlobalSection(SolutionConfigurationPlatforms) = preSolution
		Debug|Any CPU = Debug|Any CPU
		Debug|x64 = Debug|x64
		Debug|x86 = Debug|x86
		Release|Any CPU = Release|Any CPU
		Release|x64 = Release|x64
		Release|x86 = Release|x86
	EndGlobalSection
	GlobalSection(SolutionProperties) = preSolution
		HideSolutionNode = FALSE
	EndGlobalSection
	GlobalSection(ProjectConfigurationPlatforms) = postSolution
		{BCEEFA06-C9AA-499F-BAE7-9E730ADCA650}.Debug|Any CPU.ActiveCfg = Debug|Any CPU
		{BCEEFA06-C9AA-499F-BAE7-9E730ADCA650}.Debug|Any CPU.Build.0 = Debug|Any CPU
		{BCEEFA06-C9AA-499F-BAE7-9E730ADCA650}.Debug|x64.ActiveCfg = Debug|Any CPU
		{BCEEFA06-C9AA-499F-BAE7-9E730ADCA650}.Debug|x64.Build.0 = Debug|Any CPU
		{BCEEFA06-C9AA-499F-BAE7-9E730ADCA650}.Debug|x86.ActiveCfg = Debug|Any CPU
		{BCEEFA06-C9AA-499F-BAE7-9E730ADCA650}.Debug|x86.Build.0 = Debug|Any CPU
		{BCEEFA06-C9AA-499F-BAE7-9E730ADCA650}.Release|Any CPU.ActiveCfg = Release|Any CPU
		{BCEEFA06-C9AA-499F-BAE7-9E730ADCA650}.Release|Any CPU.Build.0 = Release|Any CPU
		{BCEEFA06-C9AA-499F-BAE7-9E730ADCA650}.Release|x64.ActiveCfg = Release|Any CPU
		{BCEEFA06-C9AA-499F-BAE7-9E730ADCA650}.Release|x64.Build.0 = Release|Any CPU
		{BCEEFA06-C9AA-499F-BAE7-9E730ADCA650}.Release|x86.ActiveCfg = Release|Any CPU
		{BCEEFA06-C9AA-499F-BAE7-9E730ADCA650}.Release|x86.Build.0 = Release|Any CPU
		{BBCF4C20-1888-4EA3-A096-EA762540ED84}.Debug|Any CPU.ActiveCfg = Debug|Any CPU
		{BBCF4C20-1888-4EA3-A096-EA762540ED84}.Debug|Any CPU.Build.0 = Debug|Any CPU
		{BBCF4C20-1888-4EA3-A096-EA762540ED84}.Debug|x64.ActiveCfg = Debug|Any CPU
		{BBCF4C20-1888-4EA3-A096-EA762540ED84}.Debug|x64.Build.0 = Debug|Any CPU
		{BBCF4C20-1888-4EA3-A096-EA762540ED84}.Debug|x86.ActiveCfg = Debug|Any CPU
		{BBCF4C20-1888-4EA3-A096-EA762540ED84}.Debug|x86.Build.0 = Debug|Any CPU
		{BBCF4C20-1888-4EA3-A096-EA762540ED84}.Release|Any CPU.ActiveCfg = Release|Any CPU
		{BBCF4C20-1888-4EA3-A096-EA762540ED84}.Release|Any CPU.Build.0 = Release|Any CPU
		{BBCF4C20-1888-4EA3-A096-EA762540ED84}.Release|x64.ActiveCfg = Release|Any CPU
		{BBCF4C20-1888-4EA3-A096-EA762540ED84}.Release|x64.Build.0 = Release|Any CPU
		{BBCF4C20-1888-4EA3-A096-EA762540ED84}.Release|x86.ActiveCfg = Release|Any CPU
		{BBCF4C20-1888-4EA3-A096-EA762540ED84}.Release|x86.Build.0 = Release|Any CPU
		{B6A51BE9-3AD9-4D20-A1C8-26CFDE004C80}.Debug|Any CPU.ActiveCfg = Debug|Any CPU
		{B6A51BE9-3AD9-4D20-A1C8-26CFDE004C80}.Debug|Any CPU.Build.0 = Debug|Any CPU
		{B6A51BE9-3AD9-4D20-A1C8-26CFDE004C80}.Debug|x64.ActiveCfg = Debug|Any CPU
		{B6A51BE9-3AD9-4D20-A1C8-26CFDE004C80}.Debug|x64.Build.0 = Debug|Any CPU
		{B6A51BE9-3AD9-4D20-A1C8-26CFDE004C80}.Debug|x86.ActiveCfg = Debug|Any CPU
		{B6A51BE9-3AD9-4D20-A1C8-26CFDE004C80}.Debug|x86.Build.0 = Debug|Any CPU
		{B6A51BE9-3AD9-4D20-A1C8-26CFDE004C80}.Release|Any CPU.ActiveCfg = Release|Any CPU
		{B6A51BE9-3AD9-4D20-A1C8-26CFDE004C80}.Release|Any CPU.Build.0 = Release|Any CPU
		{B6A51BE9-3AD9-4D20-A1C8-26CFDE004C80}.Release|x64.ActiveCfg = Release|Any CPU
		{B6A51BE9-3AD9-4D20-A1C8-26CFDE004C80}.Release|x64.Build.0 = Release|Any CPU
		{B6A51BE9-3AD9-4D20-A1C8-26CFDE004C80}.Release|x86.ActiveCfg = Release|Any CPU
		{B6A51BE9-3AD9-4D20-A1C8-26CFDE004C80}.Release|x86.Build.0 = Release|Any CPU
	EndGlobalSection
EndGlobal
